
Microsoft Visual Studio Solution File, Format Version 12.00
# Visual Studio Version 17
VisualStudioVersion = 17.9.34622.214
MinimumVisualStudioVersion = 10.0.40219.1
Project("{FAE04EC0-301F-11D3-BF4B-00C04F79EFBC}") = "StudentPortal.Web", "StudentPortal.Web\StudentPortal.Web.csproj", "{F88E1DB4-3D87-485F-996A-C7EA2332FE13}"
EndProject
Global
	GlobalSection(SolutionConfigurationPlatforms) = preSolution
		Debug|Any CPU = Debug|Any CPU
		Release|Any CPU = Release|Any CPU
	EndGlobalSection
	GlobalSection(ProjectConfigurationPlatforms) = postSolution
		{F88E1DB4-3D87-485F-996A-C7EA2332FE13}.Debug|Any CPU.ActiveCfg = Debug|Any CPU
		{F88E1DB4-3D87-485F-996A-C7EA2332FE13}.Debug|Any CPU.Build.0 = Debug|Any CPU
		{F88E1DB4-3D87-485F-996A-C7EA2332FE13}.Release|Any CPU.ActiveCfg = Release|Any CPU
		{F88E1DB4-3D87-485F-996A-C7EA2332FE13}.Release|Any CPU.Build.0 = Release|Any CPU
	EndGlobalSection
	GlobalSection(SolutionProperties) = preSolution
		HideSolutionNode = FALSE
	EndGlobalSection
	GlobalSection(ExtensibilityGlobals) = postSolution
		SolutionGuid = {00E6FA9F-2250-41F5-BE56-57209E92CCAB}
	EndGlobalSection
EndGlobal
